version = 1
revision = 3
requires-python = ">=3.12"

[[package]]
name = "colorama"
version = "0.4.6"
source = { registry = "https://pypi.org/simple" }
sdist = { url = "https://files.pythonhosted.org/packages/d8/53/6f443c9a4a8358a93a6792e2acffb9d9d5cb0a5cfd8802644b7b1c9a02e4/colorama-0.4.6.tar.gz", hash = "sha256:08695f5cb7ed6e0531a20572697297273c47b8cae5a63ffc6d6ed5c201be6e44", size = 27697, upload-time = "2022-10-25T02:36:22.414Z" }
wheels = [
    { url = "https://files.pythonhosted.org/packages/d1/d6/3965ed04c63042e047cb6a3e6ed1a63a35087b6a609aa3a15ed8ac56c221/colorama-0.4.6-py2.py3-none-any.whl", hash = "sha256:4f1d9991f5acc0ca119f9d443620b77f9d6b33703e51011c16baf57afb285fc6", size = 25335, upload-time = "2022-10-25T02:36:20.889Z" },
]

[[package]]
name = "iniconfig"
version = "2.3.0"
source = { registry = "https://pypi.org/simple" }
sdist = { url = "https://files.pythonhosted.org/packages/72/34/14ca021ce8e5dfedc35312d08ba8bf51fdd999c576889fc2c24cb97f4f10/iniconfig-2.3.0.tar.gz", hash = "sha256:c76315c77db068650d49c5b56314774a7804df16fee4402c1f19d6d15d8c4730", size = 20503, upload-time = "2025-10-18T21:55:43.219Z" }
wheels = [
    { url = "https://files.pythonhosted.org/packages/cb/b1/3846dd7f199d53cb17f49cba7e651e9ce294d8497c8c150530ed11865bb8/iniconfig-2.3.0-py3-none-any.whl", hash = "sha256:f631c04d2c48c52b84d0d0549c99ff3859c98df65b3101406327ecc7d53fbf12", size = 7484, upload-time = "2025-10-18T21:55:41.639Z" },
]

[[package]]
name = "maturin"
version = "1.13.1"
source = { registry = "https://pypi.org/simple" }
sdist = { url = "https://files.pythonhosted.org/packages/39/16/b284a7bc4af3dd87717c784278c1b8cb18606ad1f6f7a671c47bfd9c3df0/maturin-1.13.1.tar.gz", hash = "sha256:9a87ff3b8e4d1c6eac33ebfe8e261e8236516d98d45c0323550621819b5a1a2f", size = 340369, upload-time = "2026-04-09T15:14:07.026Z" }
wheels = [
    { url = "https://files.pythonhosted.org/packages/43/4d/a23fc95be881aa8c7a6ea353410417872e4d7065df03d7f3db8f0dbed4a7/maturin-1.13.1-py3-none-linux_armv6l.whl", hash = "sha256:416e4e01cb88b798e606ee43929df897e42c1647b722ef68283816cca99a8742", size = 10102444, upload-time = "2026-04-09T15:13:48.393Z" },
    { url = "https://files.pythonhosted.org/packages/a6/1e/65c385d65bae95cf04895d52f39dbed8b1453ae55da2903d252ade40a774/maturin-1.13.1-py3-none-macosx_10_12_x86_64.macosx_11_0_arm64.macosx_10_12_universal2.whl", hash = "sha256:72888e87819ce546d0d2df900e4b385e4ef299077d92ee37b48923a5602dae94", size = 19576043, upload-time = "2026-04-09T15:14:08.685Z" },
    { url = "https://files.pythonhosted.org/packages/8f/13/f6bc868d0bfecd9314870b97f530a167e31f7878ac4945c78245c6eef69c/maturin-1.13.1-py3-none-macosx_10_12_x86_64.whl", hash = "sha256:98b5fcf1a186c217830a8295ecc2989c6b1cf50945417adfc15252107b9475b7", size = 10117339, upload-time = "2026-04-09T15:13:40.559Z" },
    { url = "https://files.pythonhosted.org/packages/51/58/279e081305c11c1c1c4fccacf77df8959646c5d4de7a57ec7e787653e270/maturin-1.13.1-py3-none-manylinux_2_12_i686.manylinux2010_i686.musllinux_1_1_i686.whl", hash = "sha256:3da18cccf2f683c0977bff9146a0908d6ffce836d600665736ac01679f588cb9", size = 10139689, upload-time = "2026-04-09T15:13:38.291Z" },
    { url = "https://files.pythonhosted.org/packages/00/94/69391af5396c6aab723932240803f49e5f3de3dd7c57d32f02d237a0ce32/maturin-1.13.1-py3-none-manylinux_2_12_x86_64.manylinux2010_x86_64.musllinux_1_1_x86_64.whl", hash = "sha256:6b1e5916a253243e8f5f9e847b62bbc98420eec48c9ce2e2e8724c6da89d359b", size = 10551141, upload-time = "2026-04-09T15:13:42.887Z" },
    { url = "https://files.pythonhosted.org/packages/9e/bf/4edac2667b49e3733438062ae416413b8fc8d42e1bd499ba15e1fb02fc55/maturin-1.13.1-py3-none-manylinux_2_17_aarch64.manylinux2014_aarch64.musllinux_1_1_aarch64.whl", hash = "sha256:dc91031e0619c1e28730279ef9ee5f106c9b9ec806b013f888676b242f892eb7", size = 9983094, upload-time = "2026-04-09T15:13:56.868Z" },
    { url = "https://files.pythonhosted.org/packages/79/94/a6d651cfe8fc6bf2e892c90e3cdbb25c06d81c9115140d03ea1a68a97575/maturin-1.13.1-py3-none-manylinux_2_17_armv7l.manylinux2014_armv7l.musllinux_1_1_armv7l.whl", hash = "sha256:001741c6cff56aa8ea59a0d78ae990c0550d0e3e82b00b683eedb4158a8ef7e6", size = 9949980, upload-time = "2026-04-09T15:13:59.185Z" },
    { url = "https://files.pythonhosted.org/packages/b5/d1/82c067464f848e38af9910bce55eb54302b1c1284a279d515dbfcf5994f5/maturin-1.13.1-py3-none-manylinux_2_17_ppc64le.manylinux2014_ppc64le.musllinux_1_1_ppc64le.whl", hash = "sha256:01c845825c917c07c1d0b2c9032c59c16a7d383d1e649a46481d3e5693c2750f", size = 13186276, upload-time = "2026-04-09T15:13:45.725Z" },
    { url = "https://files.pythonhosted.org/packages/7c/f4/25367baf1025580f047f9b37598bb3fadc416e24536afd4f28e190335c73/maturin-1.13.1-py3-none-manylinux_2_17_s390x.manylinux2014_s390x.whl", hash = "sha256:f69093ed4a0e6464e52a7fc26d714f859ce15630ec8070743398c6bf41f38a9e", size = 10891837, upload-time = "2026-04-09T15:13:35.68Z" },
    { url = "https://files.pythonhosted.org/packages/af/be/caafad8ce74974b7deafdf144d12f758993dfea4c66c9905b138f51a7792/maturin-1.13.1-py3-none-manylinux_2_31_riscv64.musllinux_1_1_riscv64.whl", hash = "sha256:c1490584f3c70af45466ee99065b49e6657ebdccac6b10571bb44681309c9396", size = 10351032, upload-time = "2026-04-09T15:14:01.632Z" },
    { url = "https://files.pythonhosted.org/packages/66/0e/970a721d27cfa410e8bfa0a1e32e6ef52cb8169692110a5fdabe1af3f570/maturin-1.13.1-py3-none-win32.whl", hash = "sha256:c6a720b252c99de072922dbe4432ab19662b6f80045b0355fec23bdfccb450da", size = 8855465, upload-time = "2026-04-09T15:13:51.122Z" },
    { url = "https://files.pythonhosted.org/packages/88/70/7c1e0d65fa147d5479055a171541c82b8cdfc1c825d85a82240470f14176/maturin-1.13.1-py3-none-win_amd64.whl", hash = "sha256:a2017d2281203d0c6570240e7d746564d766d756105823b7de68bda6ae722711", size = 10230471, upload-time = "2026-04-09T15:13:53.89Z" },
    { url = "https://files.pythonhosted.org/packages/c5/2a/afe0193b673a79ffd2e01ad999511b7e9e6b49af02bb3759d82a78c3043d/maturin-1.13.1-py3-none-win_arm64.whl", hash = "sha256:2839024dcd65776abb4759e5bca29941971e095574162a4d335191da4be9ff24", size = 8905575, upload-time = "2026-04-09T15:14:03.891Z" },
]

[package.optional-dependencies]
patchelf = [
    { name = "patchelf" },
]

[[package]]
name = "packaging"
version = "26.2"
source = { registry = "https://pypi.org/simple" }
sdist = { url = "https://files.pythonhosted.org/packages/d7/f1/e7a6dd94a8d4a5626c03e4e99c87f241ba9e350cd9e6d75123f992427270/packaging-26.2.tar.gz", hash = "sha256:ff452ff5a3e828ce110190feff1178bb1f2ea2281fa2075aadb987c2fb221661", size = 228134, upload-time = "2026-04-24T20:15:23.917Z" }
wheels = [
    { url = "https://files.pythonhosted.org/packages/df/b2/87e62e8c3e2f4b32e5fe99e0b86d576da1312593b39f47d8ceef365e95ed/packaging-26.2-py3-none-any.whl", hash = "sha256:5fc45236b9446107ff2415ce77c807cee2862cb6fac22b8a73826d0693b0980e", size = 100195, upload-time = "2026-04-24T20:15:22.081Z" },
]

[[package]]
name = "patchelf"
version = "0.17.2.4"
source = { registry = "https://pypi.org/simple" }
sdist = { url = "https://files.pythonhosted.org/packages/2c/a3/fdd3fa938c864aa2f11dd0b7f08befeda983d2dcdee44da493c6977a653f/patchelf-0.17.2.4.tar.gz", hash = "sha256:970ee5cd8af33e5ea2099510b2f9013fa1b8d5cd763bf3fd3961281c18101a09", size = 149629, upload-time = "2025-07-23T21:16:32.071Z" }
wheels = [
    { url = "https://files.pythonhosted.org/packages/b1/a7/8c4f86c78ec03db954d05fd9c57a114cc3a172a2d3e4a8b949cd5ff89471/patchelf-0.17.2.4-py3-none-macosx_10_9_universal2.whl", hash = "sha256:343bb1b94e959f9070ca9607453b04390e36bbaa33c88640b989cefad0aa049e", size = 184436, upload-time = "2025-07-23T21:16:20.578Z" },
    { url = "https://files.pythonhosted.org/packages/0b/6d/2e9f5483cdb352fab36b8076667b062b2d79cb09d2e3fd09b6fca5771cb6/patchelf-0.17.2.4-py3-none-manylinux1_i686.manylinux_2_5_i686.musllinux_1_1_i686.whl", hash = "sha256:09fd848d625a165fc7b7e07745508c24077129b019c4415a882938781d43adf8", size = 547318, upload-time = "2025-07-23T21:16:22.135Z" },
    { url = "https://files.pythonhosted.org/packages/7e/19/f7821ef31aab01fa7dc8ebe697ece88ec4f7a0fdd3155dab2dfee4b00e5c/patchelf-0.17.2.4-py3-none-manylinux1_x86_64.manylinux_2_5_x86_64.musllinux_1_1_x86_64.whl", hash = "sha256:d9b35ebfada70c02679ad036407d9724ffe1255122ba4ac5e4be5868618a5689", size = 482846, upload-time = "2025-07-23T21:16:23.73Z" },
    { url = "https://files.pythonhosted.org/packages/d1/50/107fea848ecfd851d473b079cab79107487d72c4c3cdb25b9d2603a24ca2/patchelf-0.17.2.4-py3-none-manylinux2014_aarch64.manylinux_2_17_aarch64.musllinux_1_1_aarch64.whl", hash = "sha256:2931a1b5b85f3549661898af7bf746afbda7903c7c9a967cfc998a3563f84fad", size = 477811, upload-time = "2025-07-23T21:16:25.145Z" },
    { url = "https://files.pythonhosted.org/packages/89/a9/a9a2103e159fd65bffbc21ecc5c8c36e44eb34fe53b4ef85fb6d08c2a635/patchelf-0.17.2.4-py3-none-manylinux2014_armv7l.manylinux_2_17_armv7l.musllinux_1_1_armv7l.whl", hash = "sha256:ae44cb3c857d50f54b99e5697aa978726ada33a8a6129d4b8b7ffd28b996652d", size = 431226, upload-time = "2025-07-23T21:16:26.765Z" },
    { url = "https://files.pythonhosted.org/packages/87/93/897d612f6df7cfd987bdf668425127efeff8d8e4ad8bfbab1c69d2a0d861/patchelf-0.17.2.4-py3-none-manylinux2014_ppc64le.manylinux_2_17_ppc64le.musllinux_1_1_ppc64le.whl", hash = "sha256:680a266a70f60a7a4f4c448482c5bdba80cc8e6bb155a49dcc24238ba49927b0", size = 540276, upload-time = "2025-07-23T21:16:27.983Z" },
    { url = "https://files.pythonhosted.org/packages/5d/b8/2b92d11533482bac9ee989081d6880845287751b5f528adbd6bb27667fbd/patchelf-0.17.2.4-py3-none-manylinux2014_s390x.manylinux_2_17_s390x.musllinux_1_1_s390x.whl", hash = "sha256:d842b51f0401460f3b1f3a3a67d2c266a8f515a5adfbfa6e7b656cb3ac2ed8bc", size = 596632, upload-time = "2025-07-23T21:16:29.253Z" },
    { url = "https://files.pythonhosted.org/packages/14/e2/975d4bdb418f942b53e6187b95bd9e0d5e0488b7bc214685a1e43e2c2751/patchelf-0.17.2.4-py3-none-manylinux_2_31_riscv64.musllinux_1_1_riscv64.whl", hash = "sha256:7076d9e127230982e20a81a6e2358d3343004667ba510d9f822d4fdee29b0d71", size = 508281, upload-time = "2025-07-23T21:16:30.865Z" },
]

[[package]]
name = "pluggy"
version = "1.6.0"
source = { registry = "https://pypi.org/simple" }
sdist = { url = "https://files.pythonhosted.org/packages/f9/e2/3e91f31a7d2b083fe6ef3fa267035b518369d9511ffab804f839851d2779/pluggy-1.6.0.tar.gz", hash = "sha256:7dcc130b76258d33b90f61b658791dede3486c3e6bfb003ee5c9bfb396dd22f3", size = 69412, upload-time = "2025-05-15T12:30:07.975Z" }
wheels = [
    { url = "https://files.pythonhosted.org/packages/54/20/4d324d65cc6d9205fabedc306948156824eb9f0ee1633355a8f7ec5c66bf/pluggy-1.6.0-py3-none-any.whl", hash = "sha256:e920276dd6813095e9377c0bc5566d94c932c33b27a3e3945d8389c374dd4746", size = 20538, upload-time = "2025-05-15T12:30:06.134Z" },
]

[[package]]
name = "pygments"
version = "2.20.0"
source = { registry = "https://pypi.org/simple" }
sdist = { url = "https://files.pythonhosted.org/packages/c3/b2/bc9c9196916376152d655522fdcebac55e66de6603a76a02bca1b6414f6c/pygments-2.20.0.tar.gz", hash = "sha256:6757cd03768053ff99f3039c1a36d6c0aa0b263438fcab17520b30a303a82b5f", size = 4955991, upload-time = "2026-03-29T13:29:33.898Z" }
wheels = [
    { url = "https://files.pythonhosted.org/packages/f4/7e/a72dd26f3b0f4f2bf1dd8923c85f7ceb43172af56d63c7383eb62b332364/pygments-2.20.0-py3-none-any.whl", hash = "sha256:81a9e26dd42fd28a23a2d169d86d7ac03b46e2f8b59ed4698fb4785f946d0176", size = 1231151, upload-time = "2026-03-29T13:29:30.038Z" },
]

[[package]]
name = "pytest"
version = "9.0.3"
source = { registry = "https://pypi.org/simple" }
dependencies = [
    { name = "colorama", marker = "sys_platform == 'win32'" },
    { name = "iniconfig" },
    { name = "packaging" },
    { name = "pluggy" },
    { name = "pygments" },
]
sdist = { url = "https://files.pythonhosted.org/packages/7d/0d/549bd94f1a0a402dc8cf64563a117c0f3765662e2e668477624baeec44d5/pytest-9.0.3.tar.gz", hash = "sha256:b86ada508af81d19edeb213c681b1d48246c1a91d304c6c81a427674c17eb91c", size = 1572165, upload-time = "2026-04-07T17:16:18.027Z" }
wheels = [
    { url = "https://files.pythonhosted.org/packages/d4/24/a372aaf5c9b7208e7112038812994107bc65a84cd00e0354a88c2c77a617/pytest-9.0.3-py3-none-any.whl", hash = "sha256:2c5efc453d45394fdd706ade797c0a81091eccd1d6e4bccfcd476e2b8e0ab5d9", size = 375249, upload-time = "2026-04-07T17:16:16.13Z" },
]

[[package]]
name = "tools"
version = "0.1.0"
source = { virtual = "." }
dependencies = [
    { name = "maturin", extra = ["patchelf"] },
    { name = "pytest" },
]

[package.metadata]
requires-dist = [
    { name = "maturin", extras = ["patchelf"] },
    { name = "pytest", specifier = ">=8.4.2" },
]
